
Microsoft Visual Studio Solution File, Format Version 12.00
# Visual Studio 2012
Project("{FAE04EC0-301F-11D3-BF4B-00C04F79EFBC}") = "NimbleSchedule.Mono.Client", "NimbleSchedule.Mono.Client\NimbleSchedule.Mono.Client.csproj", "{310CCD33-A0C6-4310-BF09-E93A041457D3}"
EndProject
Project("{FAE04EC0-301F-11D3-BF4B-00C04F79EFBC}") = "NimbleSchedule.Mono.Tests", "NimbleSchedule.Mono.Tests\NimbleSchedule.Mono.Tests.csproj", "{2C8ED7EB-E2B6-43C1-88E8-EDE96EA313FA}"
EndProject
Global
	GlobalSection(SolutionConfigurationPlatforms) = preSolution
		Debug|x86 = Debug|x86
		Release|x86 = Release|x86
	EndGlobalSection
	GlobalSection(ProjectConfigurationPlatforms) = postSolution
		{310CCD33-A0C6-4310-BF09-E93A041457D3}.Debug|x86.ActiveCfg = Debug|x86
		{310CCD33-A0C6-4310-BF09-E93A041457D3}.Debug|x86.Build.0 = Debug|x86
		{310CCD33-A0C6-4310-BF09-E93A041457D3}.Release|x86.ActiveCfg = Release|x86
		{310CCD33-A0C6-4310-BF09-E93A041457D3}.Release|x86.Build.0 = Release|x86
		{2C8ED7EB-E2B6-43C1-88E8-EDE96EA313FA}.Debug|x86.ActiveCfg = Debug|Any CPU
		{2C8ED7EB-E2B6-43C1-88E8-EDE96EA313FA}.Debug|x86.Build.0 = Debug|Any CPU
		{2C8ED7EB-E2B6-43C1-88E8-EDE96EA313FA}.Release|x86.ActiveCfg = Release|Any CPU
		{2C8ED7EB-E2B6-43C1-88E8-EDE96EA313FA}.Release|x86.Build.0 = Release|Any CPU
	EndGlobalSection
EndGlobal
